
Microsoft Visual Studio Solution File, Format Version 12.00
# Visual Studio Version 17
VisualStudioVersion = 17.9.34616.47
MinimumVisualStudioVersion = 10.0.40219.1
Project("{FAE04EC0-301F-11D3-BF4B-00C04F79EFBC}") = "The Look Lab", "The Look Lab.csproj", "{16E6C4CB-EDB4-4D81-8EFF-E1FA1C6210E3}"
EndProject
Global
	GlobalSection(SolutionConfigurationPlatforms) = preSolution
		Debug|Any CPU = Debug|Any CPU
		Release|Any CPU = Release|Any CPU
	EndGlobalSection
	GlobalSection(ProjectConfigurationPlatforms) = postSolution
		{16E6C4CB-EDB4-4D81-8EFF-E1FA1C6210E3}.Debug|Any CPU.ActiveCfg = Debug|Any CPU
		{16E6C4CB-EDB4-4D81-8EFF-E1FA1C6210E3}.Debug|Any CPU.Build.0 = Debug|Any CPU
		{16E6C4CB-EDB4-4D81-8EFF-E1FA1C6210E3}.Release|Any CPU.ActiveCfg = Release|Any CPU
		{16E6C4CB-EDB4-4D81-8EFF-E1FA1C6210E3}.Release|Any CPU.Build.0 = Release|Any CPU
	EndGlobalSection
	GlobalSection(SolutionProperties) = preSolution
		HideSolutionNode = FALSE
	EndGlobalSection
	GlobalSection(ExtensibilityGlobals) = postSolution
		SolutionGuid = {2DFF6281-3331-4212-89CA-7B47AD35C60E}
	EndGlobalSection
EndGlobal
